lockfileVersion: '6.0'

settings:
  autoInstallPeers: true
  excludeLinksFromLockfile: false

dependencies:
  lodash:
    specifier: ^4.17.21
    version: 4.17.21

devDependencies:
  '@types/lodash':
    specifier: ^4.17.10
    version: 4.17.10

packages:

  /@types/lodash@4.17.10:
    resolution: {integrity: sha512-YpS0zzoduEhuOWjAotS6A5AVCva7X4lVlYLF0FYHAY9sdraBfnatttHItlWeZdGhuEkf+OzMNg2ZYAx8t+52uQ==}
    dev: true

  /lodash@4.17.21:
    resolution: {integrity: sha512-v2kDEe57lecTulaDIuNTPy3Ry4gLGJ6Z1O3vE1krgXZNrsQ+LFTGHVxVjcXPs17LhbZVGedAJv8XZ1tvj5FvSg==}
    dev: false
